
Microsoft Visual Studio Solution File, Format Version 12.00
# Visual Studio Version 16
VisualStudioVersion = 16.0.30309.148
MinimumVisualStudioVersion = 10.0.40219.1
Project("{FAE04EC0-301F-11D3-BF4B-00C04F79EFBC}") = "VentasApp", "VentasApp\VentasApp.csproj", "{AD29BC6B-40FE-49A1-B463-422927727305}"
EndProject
Global
	GlobalSection(SolutionConfigurationPlatforms) = preSolution
		Debug|Any CPU = Debug|Any CPU
		Release|Any CPU = Release|Any CPU
	EndGlobalSection
	GlobalSection(ProjectConfigurationPlatforms) = postSolution
		{AD29BC6B-40FE-49A1-B463-422927727305}.Debug|Any CPU.ActiveCfg = Debug|Any CPU
		{AD29BC6B-40FE-49A1-B463-422927727305}.Debug|Any CPU.Build.0 = Debug|Any CPU
		{AD29BC6B-40FE-49A1-B463-422927727305}.Release|Any CPU.ActiveCfg = Release|Any CPU
		{AD29BC6B-40FE-49A1-B463-422927727305}.Release|Any CPU.Build.0 = Release|Any CPU
	EndGlobalSection
	GlobalSection(SolutionProperties) = preSolution
		HideSolutionNode = FALSE
	EndGlobalSection
	GlobalSection(ExtensibilityGlobals) = postSolution
		SolutionGuid = {4C4E17D9-3446-48AE-BBC8-7DB5C8CE3411}
	EndGlobalSection
EndGlobal
